Microsoft Visual Studio Solution File, Format Version 12.00
# Visual Studio 15
VisualStudioVersion = 15.0.26228.10
MinimumVisualStudioVersion = 10.0.40219.1
Project("{9A19103F-16F7-4668-BE54-9A1E7A4F7556}") = "Labyrinth", "Labyrinth\Labyrinth.csproj", "{E2DE8DAE-FDFF-42FA-B5E7-6BFCF868CBF2}"
EndProject
Project("{FAE04EC0-301F-11D3-BF4B-00C04F79EFBC}") = "BearLib", "BearLib\BearLib.csproj", "{B0B87F0B-88D3-4C4D-A8B8-8DC35C44F901}"
EndProject
Global
	GlobalSection(SolutionConfigurationPlatforms) = preSolution
		Debug|Any CPU = Debug|Any CPU
		Release|Any CPU = Release|Any CPU
	EndGlobalSection
	GlobalSection(ProjectConfigurationPlatforms) = postSolution
		{E2DE8DAE-FDFF-42FA-B5E7-6BFCF868CBF2}.Debug|Any CPU.ActiveCfg = Debug|Any CPU
		{E2DE8DAE-FDFF-42FA-B5E7-6BFCF868CBF2}.Debug|Any CPU.Build.0 = Debug|Any CPU
		{E2DE8DAE-FDFF-42FA-B5E7-6BFCF868CBF2}.Release|Any CPU.ActiveCfg = Release|Any CPU
		{E2DE8DAE-FDFF-42FA-B5E7-6BFCF868CBF2}.Release|Any CPU.Build.0 = Release|Any CPU
		{B0B87F0B-88D3-4C4D-A8B8-8DC35C44F901}.Debug|Any CPU.ActiveCfg = Debug|Any CPU
		{B0B87F0B-88D3-4C4D-A8B8-8DC35C44F901}.Debug|Any CPU.Build.0 = Debug|Any CPU
		{B0B87F0B-88D3-4C4D-A8B8-8DC35C44F901}.Release|Any CPU.ActiveCfg = Release|Any CPU
		{B0B87F0B-88D3-4C4D-A8B8-8DC35C44F901}.Release|Any CPU.Build.0 = Release|Any CPU
	EndGlobalSection
	GlobalSection(SolutionProperties) = preSolution
		HideSolutionNode = FALSE
	EndGlobalSection
	GlobalSection(ExtensibilityGlobals) = postSolution
		SolutionGuid = {EEC9B60E-19F0-4855-89D1-F77D5AE28182}
	EndGlobalSection
EndGlobal
